
Microsoft Visual Studio Solution File, Format Version 12.00
# Visual Studio Version 16
VisualStudioVersion = 16.0.28803.452
MinimumVisualStudioVersion = 10.0.40219.1
Project("{2150E333-8FDC-42A3-9474-1A3956D46DE8}") = "ApiResources", "ApiResources", "{6E1189EF-F474-4ED3-8F21-C21B6A206958}"
EndProject
Project("{2150E333-8FDC-42A3-9474-1A3956D46DE8}") = "Business", "Business", "{749ED164-CCF1-4D0F-8FD5-BC3DF9304C7A}"
EndProject
Project("{2150E333-8FDC-42A3-9474-1A3956D46DE8}") = "Repository", "Repository", "{84DF98FA-F390-43A7-A9D8-E20468BFE378}"
EndProject
Project("{2150E333-8FDC-42A3-9474-1A3956D46DE8}") = "Tests", "Tests", "{1E115B3C-3923-4C23-86DF-D0452CEE8412}"
EndProject
Project("{2150E333-8FDC-42A3-9474-1A3956D46DE8}") = "Security", "Security", "{E0689A24-0DE0-408D-BD90-854D5D0BD8D9}"
EndProject
Project("{9A19103F-16F7-4668-BE54-9A1E7A4F7556}") = "DigitalBank.Api.Adm.Transaction", "DigitalBank.Api.Adm.Transaction\DigitalBank.Api.Adm.Transaction.csproj", "{D362681C-681B-4DD0-8F0D-2FBC3F32F5F7}"
EndProject
Project("{9A19103F-16F7-4668-BE54-9A1E7A4F7556}") = "DigitalBank.Api.Adm.Transaction.Business", "DigitalBank.Api.Adm.Transaction.Business\DigitalBank.Api.Adm.Transaction.Business.csproj", "{007636C7-63EF-4715-BF20-56598C12D1DC}"
EndProject
Project("{9A19103F-16F7-4668-BE54-9A1E7A4F7556}") = "DigitalBank.Api.Adm.Transaction.Repository", "DigitalBank.Api.Adm.Transaction.Repository\DigitalBank.Api.Adm.Transaction.Repository.csproj", "{4E3287B6-0502-41EE-960A-17D0331CAF89}"
EndProject
Project("{9A19103F-16F7-4668-BE54-9A1E7A4F7556}") = "DigitalBank.Api.Adm.Transaction.Security", "DigitalBank.Api.Adm.Transaction.Security\DigitalBank.Api.Adm.Transaction.Security.csproj", "{BD259C6A-90FC-4D10-A8FE-5ED487E9AC33}"
EndProject
Project("{9A19103F-16F7-4668-BE54-9A1E7A4F7556}") = "DigitalBank.Api.Adm.Transaction.Test", "DigitalBank.Api.Adm.Transaction.Test\DigitalBank.Api.Adm.Transaction.Test.csproj", "{E5AD7FA0-93CF-43F0-A27E-3019F8AD852E}"
EndProject
Project("{9A19103F-16F7-4668-BE54-9A1E7A4F7556}") = "DigitalBank.Api.Adm.TransactionBusiness.Test", "DigitalBank.Api.Adm.Transaction.Business.Test\DigitalBank.Api.Adm.TransactionBusiness.Test.csproj", "{8BF234BF-A228-4C9F-836F-4FCC7C971951}"
EndProject
Project("{E53339B2-1760-4266-BCC7-CA923CBCF16C}") = "docker-compose", "docker-compose.dcproj", "{448B0E83-40BA-4B48-A9DD-10E463C8F71B}"
EndProject
Global
	GlobalSection(SolutionConfigurationPlatforms) = preSolution
		Debug|Any CPU = Debug|Any CPU
		Release|Any CPU = Release|Any CPU
	EndGlobalSection
	GlobalSection(ProjectConfigurationPlatforms) = postSolution
		{D362681C-681B-4DD0-8F0D-2FBC3F32F5F7}.Debug|Any CPU.ActiveCfg = Debug|Any CPU
		{D362681C-681B-4DD0-8F0D-2FBC3F32F5F7}.Debug|Any CPU.Build.0 = Debug|Any CPU
		{D362681C-681B-4DD0-8F0D-2FBC3F32F5F7}.Release|Any CPU.ActiveCfg = Release|Any CPU
		{D362681C-681B-4DD0-8F0D-2FBC3F32F5F7}.Release|Any CPU.Build.0 = Release|Any CPU
		{007636C7-63EF-4715-BF20-56598C12D1DC}.Debug|Any CPU.ActiveCfg = Debug|Any CPU
		{007636C7-63EF-4715-BF20-56598C12D1DC}.Debug|Any CPU.Build.0 = Debug|Any CPU
		{007636C7-63EF-4715-BF20-56598C12D1DC}.Release|Any CPU.ActiveCfg = Release|Any CPU
		{007636C7-63EF-4715-BF20-56598C12D1DC}.Release|Any CPU.Build.0 = Release|Any CPU
		{4E3287B6-0502-41EE-960A-17D0331CAF89}.Debug|Any CPU.ActiveCfg = Debug|Any CPU
		{4E3287B6-0502-41EE-960A-17D0331CAF89}.Debug|Any CPU.Build.0 = Debug|Any CPU
		{4E3287B6-0502-41EE-960A-17D0331CAF89}.Release|Any CPU.ActiveCfg = Release|Any CPU
		{4E3287B6-0502-41EE-960A-17D0331CAF89}.Release|Any CPU.Build.0 = Release|Any CPU
		{BD259C6A-90FC-4D10-A8FE-5ED487E9AC33}.Debug|Any CPU.ActiveCfg = Debug|Any CPU
		{BD259C6A-90FC-4D10-A8FE-5ED487E9AC33}.Debug|Any CPU.Build.0 = Debug|Any CPU
		{BD259C6A-90FC-4D10-A8FE-5ED487E9AC33}.Release|Any CPU.ActiveCfg = Release|Any CPU
		{BD259C6A-90FC-4D10-A8FE-5ED487E9AC33}.Release|Any CPU.Build.0 = Release|Any CPU
		{E5AD7FA0-93CF-43F0-A27E-3019F8AD852E}.Debug|Any CPU.ActiveCfg = Debug|Any CPU
		{E5AD7FA0-93CF-43F0-A27E-3019F8AD852E}.Debug|Any CPU.Build.0 = Debug|Any CPU
		{E5AD7FA0-93CF-43F0-A27E-3019F8AD852E}.Release|Any CPU.ActiveCfg = Release|Any CPU
		{E5AD7FA0-93CF-43F0-A27E-3019F8AD852E}.Release|Any CPU.Build.0 = Release|Any CPU
		{8BF234BF-A228-4C9F-836F-4FCC7C971951}.Debug|Any CPU.ActiveCfg = Debug|Any CPU
		{8BF234BF-A228-4C9F-836F-4FCC7C971951}.Debug|Any CPU.Build.0 = Debug|Any CPU
		{8BF234BF-A228-4C9F-836F-4FCC7C971951}.Release|Any CPU.ActiveCfg = Release|Any CPU
		{8BF234BF-A228-4C9F-836F-4FCC7C971951}.Release|Any CPU.Build.0 = Release|Any CPU
		{448B0E83-40BA-4B48-A9DD-10E463C8F71B}.Debug|Any CPU.ActiveCfg = Debug|Any CPU
		{448B0E83-40BA-4B48-A9DD-10E463C8F71B}.Debug|Any CPU.Build.0 = Debug|Any CPU
		{448B0E83-40BA-4B48-A9DD-10E463C8F71B}.Release|Any CPU.ActiveCfg = Release|Any CPU
		{448B0E83-40BA-4B48-A9DD-10E463C8F71B}.Release|Any CPU.Build.0 = Release|Any CPU
	EndGlobalSection
	GlobalSection(SolutionProperties) = preSolution
		HideSolutionNode = FALSE
	EndGlobalSection
	GlobalSection(NestedProjects) = preSolution
		{D362681C-681B-4DD0-8F0D-2FBC3F32F5F7} = {6E1189EF-F474-4ED3-8F21-C21B6A206958}
		{007636C7-63EF-4715-BF20-56598C12D1DC} = {749ED164-CCF1-4D0F-8FD5-BC3DF9304C7A}
		{4E3287B6-0502-41EE-960A-17D0331CAF89} = {84DF98FA-F390-43A7-A9D8-E20468BFE378}
		{BD259C6A-90FC-4D10-A8FE-5ED487E9AC33} = {E0689A24-0DE0-408D-BD90-854D5D0BD8D9}
		{E5AD7FA0-93CF-43F0-A27E-3019F8AD852E} = {1E115B3C-3923-4C23-86DF-D0452CEE8412}
		{8BF234BF-A228-4C9F-836F-4FCC7C971951} = {1E115B3C-3923-4C23-86DF-D0452CEE8412}
	EndGlobalSection
	GlobalSection(ExtensibilityGlobals) = postSolution
		SolutionGuid = {E95743DE-4CD5-45F0-80A1-D00C62CF24CE}
	EndGlobalSection
EndGlobal
