
Microsoft Visual Studio Solution File, Format Version 12.00
# Visual Studio Version 16
VisualStudioVersion = 16.0.28803.452
MinimumVisualStudioVersion = 10.0.40219.1
Project("{2150E333-8FDC-42A3-9474-1A3956D46DE8}") = "ApiResources", "ApiResources", "{6E1189EF-F474-4ED3-8F21-C21B6A206958}"
EndProject
Project("{2150E333-8FDC-42A3-9474-1A3956D46DE8}") = "Business", "Business", "{749ED164-CCF1-4D0F-8FD5-BC3DF9304C7A}"
EndProject
Project("{2150E333-8FDC-42A3-9474-1A3956D46DE8}") = "Repository", "Repository", "{84DF98FA-F390-43A7-A9D8-E20468BFE378}"
EndProject
Project("{2150E333-8FDC-42A3-9474-1A3956D46DE8}") = "Tests", "Tests", "{1E115B3C-3923-4C23-86DF-D0452CEE8412}"
EndProject
Project("{2150E333-8FDC-42A3-9474-1A3956D46DE8}") = "Security", "Security", "{E0689A24-0DE0-408D-BD90-854D5D0BD8D9}"
EndProject
Project("{9A19103F-16F7-4668-BE54-9A1E7A4F7556}") = "DigitalBank.Api.Adm.Authenticate", "DigitalBank.Api.Adm.Authenticate\DigitalBank.Api.Adm.Authenticate.csproj", "{F7BEF6C2-F57B-48C2-8E29-91DBFF7668EB}"
EndProject
Project("{9A19103F-16F7-4668-BE54-9A1E7A4F7556}") = "DigitalBank.Api.Adm.Authenticate.Business", "DigitalBank.Api.Adm.Authenticate.Business\DigitalBank.Api.Adm.Authenticate.Business.csproj", "{88687CA7-F482-41C2-8E07-557C451AFD87}"
EndProject
Project("{9A19103F-16F7-4668-BE54-9A1E7A4F7556}") = "DigitalBank.Api.Adm.Authenticate.Repository", "DigitalBank.Api.Adm.Authenticate.Repository\DigitalBank.Api.Adm.Authenticate.Repository.csproj", "{05642116-4C4A-4CDB-AE20-EF3B15323059}"
EndProject
Project("{9A19103F-16F7-4668-BE54-9A1E7A4F7556}") = "DigitalBank.Api.Adm.Authenticate.Security", "DigitalBank.Api.Adm.Authenticate.Security\DigitalBank.Api.Adm.Authenticate.Security.csproj", "{AB6C8161-71DE-422D-A860-619803B3D0CA}"
EndProject
Project("{9A19103F-16F7-4668-BE54-9A1E7A4F7556}") = "DigitalBank.Api.Adm.Authenticate.Test", "DigitalBank.Api.Adm.Authenticate.Test\DigitalBank.Api.Adm.Authenticate.Test.csproj", "{FF24A29E-9ECE-4CF9-9A21-9FA64545E637}"
EndProject
Project("{9A19103F-16F7-4668-BE54-9A1E7A4F7556}") = "DigitalBank.Api.Adm.Authenticate.Business.Test", "DigitalBank.Api.Adm.Authenticate.Business.Test\DigitalBank.Api.Adm.Authenticate.Business.Test.csproj", "{E5C7913D-2C1F-4831-ACC5-CE4294676345}"
EndProject
Global
	GlobalSection(SolutionConfigurationPlatforms) = preSolution
		Debug|Any CPU = Debug|Any CPU
		Release|Any CPU = Release|Any CPU
	EndGlobalSection
	GlobalSection(ProjectConfigurationPlatforms) = postSolution
		{F7BEF6C2-F57B-48C2-8E29-91DBFF7668EB}.Debug|Any CPU.ActiveCfg = Debug|Any CPU
		{F7BEF6C2-F57B-48C2-8E29-91DBFF7668EB}.Debug|Any CPU.Build.0 = Debug|Any CPU
		{F7BEF6C2-F57B-48C2-8E29-91DBFF7668EB}.Release|Any CPU.ActiveCfg = Release|Any CPU
		{F7BEF6C2-F57B-48C2-8E29-91DBFF7668EB}.Release|Any CPU.Build.0 = Release|Any CPU
		{88687CA7-F482-41C2-8E07-557C451AFD87}.Debug|Any CPU.ActiveCfg = Debug|Any CPU
		{88687CA7-F482-41C2-8E07-557C451AFD87}.Debug|Any CPU.Build.0 = Debug|Any CPU
		{88687CA7-F482-41C2-8E07-557C451AFD87}.Release|Any CPU.ActiveCfg = Release|Any CPU
		{88687CA7-F482-41C2-8E07-557C451AFD87}.Release|Any CPU.Build.0 = Release|Any CPU
		{05642116-4C4A-4CDB-AE20-EF3B15323059}.Debug|Any CPU.ActiveCfg = Debug|Any CPU
		{05642116-4C4A-4CDB-AE20-EF3B15323059}.Debug|Any CPU.Build.0 = Debug|Any CPU
		{05642116-4C4A-4CDB-AE20-EF3B15323059}.Release|Any CPU.ActiveCfg = Release|Any CPU
		{05642116-4C4A-4CDB-AE20-EF3B15323059}.Release|Any CPU.Build.0 = Release|Any CPU
		{AB6C8161-71DE-422D-A860-619803B3D0CA}.Debug|Any CPU.ActiveCfg = Debug|Any CPU
		{AB6C8161-71DE-422D-A860-619803B3D0CA}.Debug|Any CPU.Build.0 = Debug|Any CPU
		{AB6C8161-71DE-422D-A860-619803B3D0CA}.Release|Any CPU.ActiveCfg = Release|Any CPU
		{AB6C8161-71DE-422D-A860-619803B3D0CA}.Release|Any CPU.Build.0 = Release|Any CPU
		{FF24A29E-9ECE-4CF9-9A21-9FA64545E637}.Debug|Any CPU.ActiveCfg = Debug|Any CPU
		{FF24A29E-9ECE-4CF9-9A21-9FA64545E637}.Debug|Any CPU.Build.0 = Debug|Any CPU
		{FF24A29E-9ECE-4CF9-9A21-9FA64545E637}.Release|Any CPU.ActiveCfg = Release|Any CPU
		{FF24A29E-9ECE-4CF9-9A21-9FA64545E637}.Release|Any CPU.Build.0 = Release|Any CPU
		{E5C7913D-2C1F-4831-ACC5-CE4294676345}.Debug|Any CPU.ActiveCfg = Debug|Any CPU
		{E5C7913D-2C1F-4831-ACC5-CE4294676345}.Debug|Any CPU.Build.0 = Debug|Any CPU
		{E5C7913D-2C1F-4831-ACC5-CE4294676345}.Release|Any CPU.ActiveCfg = Release|Any CPU
		{E5C7913D-2C1F-4831-ACC5-CE4294676345}.Release|Any CPU.Build.0 = Release|Any CPU
	EndGlobalSection
	GlobalSection(SolutionProperties) = preSolution
		HideSolutionNode = FALSE
	EndGlobalSection
	GlobalSection(NestedProjects) = preSolution
		{F7BEF6C2-F57B-48C2-8E29-91DBFF7668EB} = {6E1189EF-F474-4ED3-8F21-C21B6A206958}
		{88687CA7-F482-41C2-8E07-557C451AFD87} = {749ED164-CCF1-4D0F-8FD5-BC3DF9304C7A}
		{05642116-4C4A-4CDB-AE20-EF3B15323059} = {84DF98FA-F390-43A7-A9D8-E20468BFE378}
		{AB6C8161-71DE-422D-A860-619803B3D0CA} = {E0689A24-0DE0-408D-BD90-854D5D0BD8D9}
		{FF24A29E-9ECE-4CF9-9A21-9FA64545E637} = {1E115B3C-3923-4C23-86DF-D0452CEE8412}
		{E5C7913D-2C1F-4831-ACC5-CE4294676345} = {1E115B3C-3923-4C23-86DF-D0452CEE8412}
	EndGlobalSection
	GlobalSection(ExtensibilityGlobals) = postSolution
		SolutionGuid = {E95743DE-4CD5-45F0-80A1-D00C62CF24CE}
	EndGlobalSection
EndGlobal
