
Microsoft Visual Studio Solution File, Format Version 12.00
# Visual Studio Version 16
VisualStudioVersion = 16.0.28803.452
MinimumVisualStudioVersion = 10.0.40219.1
Project("{9A19103F-16F7-4668-BE54-9A1E7A4F7556}") = "DigitalBank.Api.Template", "DigitalBank.Api.Template\DigitalBank.Api.Template.csproj", "{7D8C2978-5536-4D8D-AB53-ABB93C81A3B3}"
EndProject
Project("{2150E333-8FDC-42A3-9474-1A3956D46DE8}") = "ApiResources", "ApiResources", "{6E1189EF-F474-4ED3-8F21-C21B6A206958}"
EndProject
Project("{2150E333-8FDC-42A3-9474-1A3956D46DE8}") = "Business", "Business", "{749ED164-CCF1-4D0F-8FD5-BC3DF9304C7A}"
EndProject
Project("{2150E333-8FDC-42A3-9474-1A3956D46DE8}") = "Repository", "Repository", "{84DF98FA-F390-43A7-A9D8-E20468BFE378}"
EndProject
Project("{2150E333-8FDC-42A3-9474-1A3956D46DE8}") = "Tests", "Tests", "{1E115B3C-3923-4C23-86DF-D0452CEE8412}"
EndProject
Project("{9A19103F-16F7-4668-BE54-9A1E7A4F7556}") = "DigitalBank.Api.Template.Business", "DigitalBank.Api.Template.Business\DigitalBank.Api.Template.Business.csproj", "{C1AA42DE-0FBA-425B-A2DB-3DE5BD9E3910}"
EndProject
Project("{9A19103F-16F7-4668-BE54-9A1E7A4F7556}") = "DigitalBank.Api.Template.Repository", "DigitalBank.Api.Template.Repository\DigitalBank.Api.Template.Repository.csproj", "{DDBDB738-D212-4D2B-8BE3-F74A9DC0F380}"
EndProject
Project("{9A19103F-16F7-4668-BE54-9A1E7A4F7556}") = "DigitalBank.Api.Template.Test", "DigitalBank.Api.Template.Test\DigitalBank.Api.Template.Test.csproj", "{41CF19F3-1938-4427-97BC-C89EB7BFA84F}"
EndProject
Project("{FAE04EC0-301F-11D3-BF4B-00C04F79EFBC}") = "DigitalBank.Api.Template.Business.Test", "DigitalBank.Api.Template.Business.Test\DigitalBank.Api.Template.Business.Test.csproj", "{9FC8AFAA-E9DC-4254-B2B8-7BE714B2F61B}"
EndProject
Global
	GlobalSection(SolutionConfigurationPlatforms) = preSolution
		Debug|Any CPU = Debug|Any CPU
		Release|Any CPU = Release|Any CPU
	EndGlobalSection
	GlobalSection(ProjectConfigurationPlatforms) = postSolution
		{7D8C2978-5536-4D8D-AB53-ABB93C81A3B3}.Debug|Any CPU.ActiveCfg = Debug|Any CPU
		{7D8C2978-5536-4D8D-AB53-ABB93C81A3B3}.Debug|Any CPU.Build.0 = Debug|Any CPU
		{7D8C2978-5536-4D8D-AB53-ABB93C81A3B3}.Release|Any CPU.ActiveCfg = Release|Any CPU
		{7D8C2978-5536-4D8D-AB53-ABB93C81A3B3}.Release|Any CPU.Build.0 = Release|Any CPU
		{C1AA42DE-0FBA-425B-A2DB-3DE5BD9E3910}.Debug|Any CPU.ActiveCfg = Debug|Any CPU
		{C1AA42DE-0FBA-425B-A2DB-3DE5BD9E3910}.Debug|Any CPU.Build.0 = Debug|Any CPU
		{C1AA42DE-0FBA-425B-A2DB-3DE5BD9E3910}.Release|Any CPU.ActiveCfg = Release|Any CPU
		{C1AA42DE-0FBA-425B-A2DB-3DE5BD9E3910}.Release|Any CPU.Build.0 = Release|Any CPU
		{DDBDB738-D212-4D2B-8BE3-F74A9DC0F380}.Debug|Any CPU.ActiveCfg = Debug|Any CPU
		{DDBDB738-D212-4D2B-8BE3-F74A9DC0F380}.Debug|Any CPU.Build.0 = Debug|Any CPU
		{DDBDB738-D212-4D2B-8BE3-F74A9DC0F380}.Release|Any CPU.ActiveCfg = Release|Any CPU
		{DDBDB738-D212-4D2B-8BE3-F74A9DC0F380}.Release|Any CPU.Build.0 = Release|Any CPU
		{41CF19F3-1938-4427-97BC-C89EB7BFA84F}.Debug|Any CPU.ActiveCfg = Debug|Any CPU
		{41CF19F3-1938-4427-97BC-C89EB7BFA84F}.Debug|Any CPU.Build.0 = Debug|Any CPU
		{41CF19F3-1938-4427-97BC-C89EB7BFA84F}.Release|Any CPU.ActiveCfg = Release|Any CPU
		{41CF19F3-1938-4427-97BC-C89EB7BFA84F}.Release|Any CPU.Build.0 = Release|Any CPU
		{9FC8AFAA-E9DC-4254-B2B8-7BE714B2F61B}.Debug|Any CPU.ActiveCfg = Debug|Any CPU
		{9FC8AFAA-E9DC-4254-B2B8-7BE714B2F61B}.Debug|Any CPU.Build.0 = Debug|Any CPU
		{9FC8AFAA-E9DC-4254-B2B8-7BE714B2F61B}.Release|Any CPU.ActiveCfg = Release|Any CPU
		{9FC8AFAA-E9DC-4254-B2B8-7BE714B2F61B}.Release|Any CPU.Build.0 = Release|Any CPU
	EndGlobalSection
	GlobalSection(SolutionProperties) = preSolution
		HideSolutionNode = FALSE
	EndGlobalSection
	GlobalSection(NestedProjects) = preSolution
		{7D8C2978-5536-4D8D-AB53-ABB93C81A3B3} = {6E1189EF-F474-4ED3-8F21-C21B6A206958}
		{C1AA42DE-0FBA-425B-A2DB-3DE5BD9E3910} = {749ED164-CCF1-4D0F-8FD5-BC3DF9304C7A}
		{DDBDB738-D212-4D2B-8BE3-F74A9DC0F380} = {84DF98FA-F390-43A7-A9D8-E20468BFE378}
		{41CF19F3-1938-4427-97BC-C89EB7BFA84F} = {1E115B3C-3923-4C23-86DF-D0452CEE8412}
		{9FC8AFAA-E9DC-4254-B2B8-7BE714B2F61B} = {1E115B3C-3923-4C23-86DF-D0452CEE8412}
	EndGlobalSection
	GlobalSection(ExtensibilityGlobals) = postSolution
		SolutionGuid = {E95743DE-4CD5-45F0-80A1-D00C62CF24CE}
	EndGlobalSection
EndGlobal
