
Microsoft Visual Studio Solution File, Format Version 12.00
# Visual Studio Version 16
VisualStudioVersion = 16.0.29411.108
MinimumVisualStudioVersion = 10.0.40219.1
Project("{FAE04EC0-301F-11D3-BF4B-00C04F79EFBC}") = "DigitalBank.Migrations", "DigitalBank.Migrations.csproj", "{C6F6F1B2-E4DB-4C66-9E33-0B9D629A00DD}"
EndProject
Project("{E53339B2-1760-4266-BCC7-CA923CBCF16C}") = "docker-compose", "docker-compose.dcproj", "{95B9C204-AF38-461A-B5FD-E6FEEA6F4DBA}"
EndProject
Global
	GlobalSection(SolutionConfigurationPlatforms) = preSolution
		Debug|Any CPU = Debug|Any CPU
		Release|Any CPU = Release|Any CPU
	EndGlobalSection
	GlobalSection(ProjectConfigurationPlatforms) = postSolution
		{C6F6F1B2-E4DB-4C66-9E33-0B9D629A00DD}.Debug|Any CPU.ActiveCfg = Debug|Any CPU
		{C6F6F1B2-E4DB-4C66-9E33-0B9D629A00DD}.Debug|Any CPU.Build.0 = Debug|Any CPU
		{C6F6F1B2-E4DB-4C66-9E33-0B9D629A00DD}.Release|Any CPU.ActiveCfg = Release|Any CPU
		{C6F6F1B2-E4DB-4C66-9E33-0B9D629A00DD}.Release|Any CPU.Build.0 = Release|Any CPU
		{95B9C204-AF38-461A-B5FD-E6FEEA6F4DBA}.Debug|Any CPU.ActiveCfg = Debug|Any CPU
		{95B9C204-AF38-461A-B5FD-E6FEEA6F4DBA}.Debug|Any CPU.Build.0 = Debug|Any CPU
		{95B9C204-AF38-461A-B5FD-E6FEEA6F4DBA}.Release|Any CPU.ActiveCfg = Release|Any CPU
		{95B9C204-AF38-461A-B5FD-E6FEEA6F4DBA}.Release|Any CPU.Build.0 = Release|Any CPU
	EndGlobalSection
	GlobalSection(SolutionProperties) = preSolution
		HideSolutionNode = FALSE
	EndGlobalSection
	GlobalSection(ExtensibilityGlobals) = postSolution
		SolutionGuid = {D5F76291-D214-41E0-B635-7EF891E2DE76}
	EndGlobalSection
EndGlobal
