
Microsoft Visual Studio Solution File, Format Version 12.00
# Visual Studio Version 16
VisualStudioVersion = 16.0.29411.108
MinimumVisualStudioVersion = 10.0.40219.1
Project("{FAE04EC0-301F-11D3-BF4B-00C04F79EFBC}") = "DigitalBank.Migration", "DigitalBank.Migration.csproj", "{2F0B217E-EF25-4F5C-9658-9F1F2F7376FE}"
EndProject
Global
	GlobalSection(SolutionConfigurationPlatforms) = preSolution
		Debug|Any CPU = Debug|Any CPU
		Release|Any CPU = Release|Any CPU
	EndGlobalSection
	GlobalSection(ProjectConfigurationPlatforms) = postSolution
		{2F0B217E-EF25-4F5C-9658-9F1F2F7376FE}.Debug|Any CPU.ActiveCfg = Debug|Any CPU
		{2F0B217E-EF25-4F5C-9658-9F1F2F7376FE}.Debug|Any CPU.Build.0 = Debug|Any CPU
		{2F0B217E-EF25-4F5C-9658-9F1F2F7376FE}.Release|Any CPU.ActiveCfg = Release|Any CPU
		{2F0B217E-EF25-4F5C-9658-9F1F2F7376FE}.Release|Any CPU.Build.0 = Release|Any CPU
	EndGlobalSection
	GlobalSection(SolutionProperties) = preSolution
		HideSolutionNode = FALSE
	EndGlobalSection
	GlobalSection(ExtensibilityGlobals) = postSolution
		SolutionGuid = {8E31566C-5DC8-4BB0-84EF-6293DF709DA6}
	EndGlobalSection
EndGlobal
